
Microsoft Visual Studio Solution File, Format Version 12.00
# Visual Studio Version 17
VisualStudioVersion = 17.10.35013.160
MinimumVisualStudioVersion = 10.0.40219.1
Project("{9A19103F-16F7-4668-BE54-9A1E7A4F7556}") = "OrderManager.API", "OrderManager.API\OrderManager.API.csproj", "{120523C1-EF2D-4A22-9D81-DFD41BB5FB12}"
	ProjectSection(ProjectDependencies) = postProject
		{57FBADEF-4C7E-4951-8EB5-CA2C42177B56} = {57FBADEF-4C7E-4951-8EB5-CA2C42177B56}
		{86509DB3-8ECC-4066-80DF-E6A8C8E1388E} = {86509DB3-8ECC-4066-80DF-E6A8C8E1388E}
		{F0B6A7A2-FA6C-467D-9EA4-B55B26F6549A} = {F0B6A7A2-FA6C-467D-9EA4-B55B26F6549A}
	EndProjectSection
EndProject
Project("{9A19103F-16F7-4668-BE54-9A1E7A4F7556}") = "OrderManager.Domain", "OrderManager.Domain\OrderManager.Domain.csproj", "{57FBADEF-4C7E-4951-8EB5-CA2C42177B56}"
EndProject
Project("{9A19103F-16F7-4668-BE54-9A1E7A4F7556}") = "OrderManager.Application", "OrderManager.Application\OrderManager.Application.csproj", "{86509DB3-8ECC-4066-80DF-E6A8C8E1388E}"
EndProject
Project("{9A19103F-16F7-4668-BE54-9A1E7A4F7556}") = "OrderManager.Infrastructure", "OrderManager.Infrastructure\OrderManager.Infrastructure.csproj", "{F0B6A7A2-FA6C-467D-9EA4-B55B26F6549A}"
EndProject
Project("{2150E333-8FDC-42A3-9474-1A3956D46DE8}") = "Tests", "Tests", "{718FB61D-B58B-4E14-95D1-8A1F2B7F8EFB}"
EndProject
Global
	GlobalSection(SolutionConfigurationPlatforms) = preSolution
		Debug|Any CPU = Debug|Any CPU
		Release|Any CPU = Release|Any CPU
	EndGlobalSection
	GlobalSection(ProjectConfigurationPlatforms) = postSolution
		{120523C1-EF2D-4A22-9D81-DFD41BB5FB12}.Debug|Any CPU.ActiveCfg = Debug|Any CPU
		{120523C1-EF2D-4A22-9D81-DFD41BB5FB12}.Debug|Any CPU.Build.0 = Debug|Any CPU
		{120523C1-EF2D-4A22-9D81-DFD41BB5FB12}.Release|Any CPU.ActiveCfg = Release|Any CPU
		{120523C1-EF2D-4A22-9D81-DFD41BB5FB12}.Release|Any CPU.Build.0 = Release|Any CPU
		{57FBADEF-4C7E-4951-8EB5-CA2C42177B56}.Debug|Any CPU.ActiveCfg = Debug|Any CPU
		{57FBADEF-4C7E-4951-8EB5-CA2C42177B56}.Debug|Any CPU.Build.0 = Debug|Any CPU
		{57FBADEF-4C7E-4951-8EB5-CA2C42177B56}.Release|Any CPU.ActiveCfg = Release|Any CPU
		{57FBADEF-4C7E-4951-8EB5-CA2C42177B56}.Release|Any CPU.Build.0 = Release|Any CPU
		{86509DB3-8ECC-4066-80DF-E6A8C8E1388E}.Debug|Any CPU.ActiveCfg = Debug|Any CPU
		{86509DB3-8ECC-4066-80DF-E6A8C8E1388E}.Debug|Any CPU.Build.0 = Debug|Any CPU
		{86509DB3-8ECC-4066-80DF-E6A8C8E1388E}.Release|Any CPU.ActiveCfg = Release|Any CPU
		{86509DB3-8ECC-4066-80DF-E6A8C8E1388E}.Release|Any CPU.Build.0 = Release|Any CPU
		{F0B6A7A2-FA6C-467D-9EA4-B55B26F6549A}.Debug|Any CPU.ActiveCfg = Debug|Any CPU
		{F0B6A7A2-FA6C-467D-9EA4-B55B26F6549A}.Debug|Any CPU.Build.0 = Debug|Any CPU
		{F0B6A7A2-FA6C-467D-9EA4-B55B26F6549A}.Release|Any CPU.ActiveCfg = Release|Any CPU
		{F0B6A7A2-FA6C-467D-9EA4-B55B26F6549A}.Release|Any CPU.Build.0 = Release|Any CPU
	EndGlobalSection
	GlobalSection(SolutionProperties) = preSolution
		HideSolutionNode = FALSE
	EndGlobalSection
	GlobalSection(ExtensibilityGlobals) = postSolution
		SolutionGuid = {F5357D77-C2E5-4577-B115-54E42C805A1A}
	EndGlobalSection
EndGlobal
